// !$*UTF8*$!
{
	archiveVersion = 1;
	classes = {
	};
	objectVersion = 46;
	objects = {

/* Begin PBXBuildFile section */
		9AFA60351BB15D6100D20BC8 /* AppDelegate.swift in Sources */ = {isa = PBXBuildFile; fileRef = 9AFA60341BB15D6100D20BC8 /* AppDelegate.swift */; };
		9AFA60371BB15D6100D20BC8 /* GameScene.sks in Resources */ = {isa = PBXBuildFile; fileRef = 9AFA60361BB15D6100D20BC8 /* GameScene.sks */; };
		9AFA60391BB15D6100D20BC8 /* GameScene.swift in Sources */ = {isa = PBXBuildFile; fileRef = 9AFA60381BB15D6100D20BC8 /* GameScene.swift */; };
		9AFA603B1BB15D6100D20BC8 /* GameViewController.swift in Sources */ = {isa = PBXBuildFile; fileRef = 9AFA603A1BB15D6100D20BC8 /* GameViewController.swift */; };
		9AFA603E1BB15D6100D20BC8 /* Main.storyboard in Resources */ = {isa = PBXBuildFile; fileRef = 9AFA603C1BB15D6100D20BC8 /* Main.storyboard */; };
		9AFA60401BB15D6100D20BC8 /* Assets.xcassets in Resources */ = {isa = PBXBuildFile; fileRef = 9AFA603F1BB15D6100D20BC8 /* Assets.xcassets */; };
		9AFA60431BB15D6100D20BC8 /* LaunchScreen.storyboard in Resources */ = {isa = PBXBuildFile; fileRef = 9AFA60411BB15D6100D20BC8 /* LaunchScreen.storyboard */; };
		9AFA604B1BB17EAB00D20BC8 /* buzo.atlas in Resources */ = {isa = PBXBuildFile; fileRef = 9AFA604A1BB17EAB00D20BC8 /* buzo.atlas */; settings = {ASSET_TAGS = (); }; };
/* End PBXBuildFile section */

/* Begin PBXFileReference section */
		9AFA60311BB15D6100D20BC8 /* DemoSwift2.app */ = {isa = PBXFileReference; explicitFileType = wrapper.application; includeInIndex = 0; path = DemoSwift2.app; sourceTree = BUILT_PRODUCTS_DIR; };
		9AFA60341BB15D6100D20BC8 /* AppDelegate.swift */ = {isa = PBXFileReference; lastKnownFileType = sourcecode.swift; path = AppDelegate.swift; sourceTree = "<group>"; };
		9AFA60361BB15D6100D20BC8 /* GameScene.sks */ = {isa = PBXFileReference; lastKnownFileType = file.sks; path = GameScene.sks; sourceTree = "<group>"; };
		9AFA60381BB15D6100D20BC8 /* GameScene.swift */ = {isa = PBXFileReference; lastKnownFileType = sourcecode.swift; path = GameScene.swift; sourceTree = "<group>"; };
		9AFA603A1BB15D6100D20BC8 /* GameViewController.swift */ = {isa = PBXFileReference; lastKnownFileType = sourcecode.swift; path = GameViewController.swift; sourceTree = "<group>"; };
		9AFA603D1BB15D6100D20BC8 /* Base */ = {isa = PBXFileReference; lastKnownFileType = file.storyboard; name = Base; path = Base.lproj/Main.storyboard; sourceTree = "<group>"; };
		9AFA603F1BB15D6100D20BC8 /* Assets.xcassets */ = {isa = PBXFileReference; lastKnownFileType = folder.assetcatalog; path = Assets.xcassets; sourceTree = "<group>"; };
		9AFA60421BB15D6100D20BC8 /* Base */ = {isa = PBXFileReference; lastKnownFileType = file.storyboard; name = Base; path = Base.lproj/LaunchScreen.storyboard; sourceTree = "<group>"; };
		9AFA60441BB15D6100D20BC8 /* Info.plist */ = {isa = PBXFileReference; lastKnownFileType = text.plist.xml; path = Info.plist; sourceTree = "<group>"; };
		9AFA604A1BB17EAB00D20BC8 /* buzo.atlas */ = {isa = PBXFileReference; lastKnownFileType = folder.skatlas; path = buzo.atlas; sourceTree = "<group>"; };
/* End PBXFileReference section */

/* Begin PBXFrameworksBuildPhase section */
		9AFA602E1BB15D6100D20BC8 /* Frameworks */ = {
			isa = PBXFrameworksBuildPhase;
			buildActionMask = 2147483647;
			files = (
			);
			runOnlyForDeploymentPostprocessing = 0;
		};
/* End PBXFrameworksBuildPhase section */

/* Begin PBXGroup section */
		9AFA60281BB15D6100D20BC8 = {
			isa = PBXGroup;
			children = (
				9AFA60331BB15D6100D20BC8 /* DemoSwift2 */,
				9AFA60321BB15D6100D20BC8 /* Products */,
			);
			sourceTree = "<group>";
		};
		9AFA60321BB15D6100D20BC8 /* Products */ = {
			isa = PBXGroup;
			children = (
				9AFA60311BB15D6100D20BC8 /* DemoSwift2.app */,
			);
			name = Products;
			sourceTree = "<group>";
		};
		9AFA60331BB15D6100D20BC8 /* DemoSwift2 */ = {
			isa = PBXGroup;
			children = (
				9AFA60341BB15D6100D20BC8 /* AppDelegate.swift */,
				9AFA60361BB15D6100D20BC8 /* GameScene.sks */,
				9AFA60381BB15D6100D20BC8 /* GameScene.swift */,
				9AFA603A1BB15D6100D20BC8 /* GameViewController.swift */,
				9AFA603C1BB15D6100D20BC8 /* Main.storyboard */,
				9AFA603F1BB15D6100D20BC8 /* Assets.xcassets */,
				9AFA604A1BB17EAB00D20BC8 /* buzo.atlas */,
				9AFA60411BB15D6100D20BC8 /* LaunchScreen.storyboard */,
				9AFA60441BB15D6100D20BC8 /* Info.plist */,
			);
			path = DemoSwift2;
			sourceTree = "<group>";
		};
/* End PBXGroup section */

/* Begin PBXNativeTarget section */
		9AFA60301BB15D6100D20BC8 /* DemoSwift2 */ = {
			isa = PBXNativeTarget;
			buildConfigurationList = 9AFA60471BB15D6100D20BC8 /* Build configuration list for PBXNativeTarget "DemoSwift2" */;
			buildPhases = (
				9AFA602D1BB15D6100D20BC8 /* Sources */,
				9AFA602E1BB15D6100D20BC8 /* Frameworks */,
				9AFA602F1BB15D6100D20BC8 /* Resources */,
			);
			buildRules = (
			);
			dependencies = (
			);
			name = DemoSwift2;
			productName = DemoSwift2;
			productReference = 9AFA60311BB15D6100D20BC8 /* DemoSwift2.app */;
			productType = "com.apple.product-type.application";
		};
/* End PBXNativeTarget section */

/* Begin PBXProject section */
		9AFA60291BB15D6100D20BC8 /* Project object */ = {
			isa = PBXProject;
			attributes = {
				LastUpgradeCheck = 0700;
				ORGANIZATIONNAME = Berganza;
				TargetAttributes = {
					9AFA60301BB15D6100D20BC8 = {
						CreatedOnToolsVersion = 7.0;
					};
				};
			};
			buildConfigurationList = 9AFA602C1BB15D6100D20BC8 /* Build configuration list for PBXProject "DemoSwift2" */;
			compatibilityVersion = "Xcode 3.2";
			developmentRegion = English;
			hasScannedForEncodings = 0;
			knownRegions = (
				en,
				Base,
			);
			mainGroup = 9AFA60281BB15D6100D20BC8;
			productRefGroup = 9AFA60321BB15D6100D20BC8 /* Products */;
			projectDirPath = "";
			projectRoot = "";
			targets = (
				9AFA60301BB15D6100D20BC8 /* DemoSwift2 */,
			);
		};
/* End PBXProject section */

/* Begin PBXResourcesBuildPhase section */
		9AFA602F1BB15D6100D20BC8 /* Resources */ = {
			isa = PBXResourcesBuildPhase;
			buildActionMask = 2147483647;
			files = (
				9AFA60371BB15D6100D20BC8 /* GameScene.sks in Resources */,
				9AFA604B1BB17EAB00D20BC8 /* buzo.atlas in Resources */,
				9AFA60431BB15D6100D20BC8 /* LaunchScreen.storyboard in Resources */,
				9AFA60401BB15D6100D20BC8 /* Assets.xcassets in Resources */,
				9AFA603E1BB15D6100D20BC8 /* Main.storyboard in Resources */,
			);
			runOnlyForDeploymentPostprocessing = 0;
		};
/* End PBXResourcesBuildPhase section */

/* Begin PBXSourcesBuildPhase section */
		9AFA602D1BB15D6100D20BC8 /* Sources */ = {
			isa = PBXSourcesBuildPhase;
			buildActionMask = 2147483647;
			files = (
				9AFA60391BB15D6100D20BC8 /* GameScene.swift in Sources */,
				9AFA603B1BB15D6100D20BC8 /* GameViewController.swift in Sources */,
				9AFA60351BB15D6100D20BC8 /* AppDelegate.swift in Sources */,
			);
			runOnlyForDeploymentPostprocessing = 0;
		};
/* End PBXSourcesBuildPhase section */

/* Begin PBXVariantGroup section */
		9AFA603C1BB15D6100D20BC8 /* Main.storyboard */ = {
			isa = PBXVariantGroup;
			children = (
				9AFA603D1BB15D6100D20BC8 /* Base */,
			);
			name = Main.storyboard;
			sourceTree = "<group>";
		};
		9AFA60411BB15D6100D20BC8 /* LaunchScreen.storyboard */ = {
			isa = PBXVariantGroup;
			children = (
				9AFA60421BB15D6100D20BC8 /* Base */,
			);
			name = LaunchScreen.storyboard;
			sourceTree = "<group>";
		};
/* End PBXVariantGroup section */

/* Begin XCBuildConfiguration section */
		9AFA60451BB15D6100D20BC8 /* Debug */ = {
			isa = XCBuildConfiguration;
			buildSettings = {
				ALWAYS_SEARCH_USER_PATHS = NO;
				CLANG_CXX_LANGUAGE_STANDARD = "gnu++0x";
				CLANG_CXX_LIBRARY = "libc++";
				CLANG_ENABLE_MODULES = YES;
				CLANG_ENABLE_OBJC_ARC = YES;
				CLANG_WARN_BOOL_CONVERSION = YES;
				CLANG_WARN_CONSTANT_CONVERSION = YES;
				CLANG_WARN_DIRECT_OBJC_ISA_USAGE = YES_ERROR;
				CLANG_WARN_EMPTY_BODY = YES;
				CLANG_WARN_ENUM_CONVERSION = YES;
				CLANG_WARN_INT_CONVERSION = YES;
				CLANG_WARN_OBJC_ROOT_CLASS = YES_ERROR;
				CLANG_WARN_UNREACHABLE_CODE = YES;
				CLANG_WARN__DUPLICATE_METHOD_MATCH = YES;
				"CODE_SIGN_IDENTITY[sdk=iphoneos*]" = "iPhone Developer";
				COPY_PHASE_STRIP = NO;
				DEBUG_INFORMATION_FORMAT = "dwarf-with-dsym";
				ENABLE_STRICT_OBJC_MSGSEND = YES;
				ENABLE_TESTABILITY = YES;
				GCC_C_LANGUAGE_STANDARD = gnu99;
				GCC_DYNAMIC_NO_PIC = NO;
				GCC_NO_COMMON_BLOCKS = YES;
				GCC_OPTIMIZATION_LEVEL = 0;
				GCC_PREPROCESSOR_DEFINITIONS = (
					"DEBUG=1",
					"$(inherited)",
				);
				GCC_WARN_64_TO_32_BIT_CONVERSION = YES;
				GCC_WARN_ABOUT_RETURN_TYPE = YES_ERROR;
				GCC_WARN_UNDECLARED_SELECTOR = YES;
				GCC_WARN_UNINITIALIZED_AUTOS = YES_AGGRESSIVE;
				GCC_WARN_UNUSED_FUNCTION = YES;
				GCC_WARN_UNUSED_VARIABLE = YES;
				IPHONEOS_DEPLOYMENT_TARGET = 9.0;
				MTL_ENABLE_DEBUG_INFO = YES;
				ONLY_ACTIVE_ARCH = YES;
				SDKROOT = iphoneos;
				SWIFT_OPTIMIZATION_LEVEL = "-Onone";
			};
			name = Debug;
		};
		9AFA60461BB15D6100D20BC8 /* Release */ = {
			isa = XCBuildConfiguration;
			buildSettings = {
				ALWAYS_SEARCH_USER_PATHS = NO;
				CLANG_CXX_LANGUAGE_STANDARD = "gnu++0x";
				CLANG_CXX_LIBRARY = "libc++";
				CLANG_ENABLE_MODULES = YES;
				CLANG_ENABLE_OBJC_ARC = YES;
				CLANG_WARN_BOOL_CONVERSION = YES;
				CLANG_WARN_CONSTANT_CONVERSION = YES;
				CLANG_WARN_DIRECT_OBJC_ISA_USAGE = YES_ERROR;
				CLANG_WARN_EMPTY_BODY = YES;
				CLANG_WARN_ENUM_CONVERSION = YES;
				CLANG_WARN_INT_CONVERSION = YES;
				CLANG_WARN_OBJC_ROOT_CLASS = YES_ERROR;
				CLANG_WARN_UNREACHABLE_CODE = YES;
				CLANG_WARN__DUPLICATE_METHOD_MATCH = YES;
				"CODE_SIGN_IDENTITY[sdk=iphoneos*]" = "iPhone Developer";
				COPY_PHASE_STRIP = NO;
				DEBUG_INFORMATION_FORMAT = "dwarf-with-dsym";
				ENABLE_NS_ASSERTIONS = NO;
				ENABLE_STRICT_OBJC_MSGSEND = YES;
				GCC_C_LANGUAGE_STANDARD = gnu99;
				GCC_NO_COMMON_BLOCKS = YES;
				GCC_WARN_64_TO_32_BIT_CONVERSION = YES;
				GCC_WARN_ABOUT_RETURN_TYPE = YES_ERROR;
				GCC_WARN_UNDECLARED_SELECTOR = YES;
				GCC_WARN_UNINITIALIZED_AUTOS = YES_AGGRESSIVE;
				GCC_WARN_UNUSED_FUNCTION = YES;
				GCC_WARN_UNUSED_VARIABLE = YES;
				IPHONEOS_DEPLOYMENT_TARGET = 9.0;
				MTL_ENABLE_DEBUG_INFO = NO;
				SDKROOT = iphoneos;
				VALIDATE_PRODUCT = YES;
			};
			name = Release;
		};
		9AFA60481BB15D6100D20BC8 /* Debug */ = {
			isa = XCBuildConfiguration;
			buildSettings = {
				ASSETCATALOG_COMPILER_APPICON_NAME = AppIcon;
				INFOPLIST_FILE = DemoSwift2/Info.plist;
				LD_RUNPATH_SEARCH_PATHS = "$(inherited) @executable_path/Frameworks";
				PRODUCT_BUNDLE_IDENTIFIER = com.llberganza.DemoSwift2;
				PRODUCT_NAME = "$(TARGET_NAME)";
			};
			name = Debug;
		};
		9AFA60491BB15D6100D20BC8 /* Release */ = {
			isa = XCBuildConfiguration;
			buildSettings = {
				ASSETCATALOG_COMPILER_APPICON_NAME = AppIcon;
				INFOPLIST_FILE = DemoSwift2/Info.plist;
				LD_RUNPATH_SEARCH_PATHS = "$(inherited) @executable_path/Frameworks";
				PRODUCT_BUNDLE_IDENTIFIER = com.llberganza.DemoSwift2;
				PRODUCT_NAME = "$(TARGET_NAME)";
			};
			name = Release;
		};
/* End XCBuildConfiguration section */

/* Begin XCConfigurationList section */
		9AFA602C1BB15D6100D20BC8 /* Build configuration list for PBXProject "DemoSwift2" */ = {
			isa = XCConfigurationList;
			buildConfigurations = (
				9AFA60451BB15D6100D20BC8 /* Debug */,
				9AFA60461BB15D6100D20BC8 /* Release */,
			);
			defaultConfigurationIsVisible = 0;
			defaultConfigurationName = Release;
		};
		9AFA60471BB15D6100D20BC8 /* Build configuration list for PBXNativeTarget "DemoSwift2" */ = {
			isa = XCConfigurationList;
			buildConfigurations = (
				9AFA60481BB15D6100D20BC8 /* Debug */,
				9AFA60491BB15D6100D20BC8 /* Release */,
			);
			defaultConfigurationIsVisible = 0;
		};
/* End XCConfigurationList section */
	};
	rootObject = 9AFA60291BB15D6100D20BC8 /* Project object */;
}
